// !$*UTF8*$!
{
	archiveVersion = 1;
	classes = {
	};
	objectVersion = 56;
	objects = {

/* Begin PBXBuildFile section */
		A95D7F702A1C6E4000DE221E /* WidgetKit.framework in Frameworks */ = {isa = PBXBuildFile; fileRef = A90F61FD2A1C6850009AE4DA /* WidgetKit.framework */; };
		A95D7F712A1C6E4000DE221E /* SwiftUI.framework in Frameworks */ = {isa = PBXBuildFile; fileRef = A90F61FF2A1C6850009AE4DA /* SwiftUI.framework */; };
		A95D7F742A1C6E4000DE221E /* LatestQuoteWidgetBundle.swift in Sources */ = {isa = PBXBuildFile; fileRef = A95D7F732A1C6E4000DE221E /* LatestQuoteWidgetBundle.swift */; };
		A95D7F762A1C6E4000DE221E /* LatestQuoteWidgetLiveActivity.swift in Sources */ = {isa = PBXBuildFile; fileRef = A95D7F752A1C6E4000DE221E /* LatestQuoteWidgetLiveActivity.swift */; };
		A95D7F782A1C6E4000DE221E /* LatestQuoteWidget.swift in Sources */ = {isa = PBXBuildFile; fileRef = A95D7F772A1C6E4000DE221E /* LatestQuoteWidget.swift */; };
		A95D7F7A2A1C6E4200DE221E /* Assets.xcassets in Resources */ = {isa = PBXBuildFile; fileRef = A95D7F792A1C6E4200DE221E /* Assets.xcassets */; };
		A95D7F7E2A1C6E4200DE221E /* LatestQuoteWidgetExtension.appex in Embed Foundation Extensions */ = {isa = PBXBuildFile; fileRef = A95D7F6F2A1C6E4000DE221E /* LatestQuoteWidgetExtension.appex */; settings = {ATTRIBUTES = (RemoveHeadersOnCopy, ); }; };
		A95DA7562A496A050021CA47 /* AppIcon.appiconset in Resources */ = {isa = PBXBuildFile; fileRef = A95DA7552A496A050021CA47 /* AppIcon.appiconset */; };
		A95DA7582A4C06C70021CA47 /* PremiumInfoView.swift in Sources */ = {isa = PBXBuildFile; fileRef = A95DA7572A4C06C70021CA47 /* PremiumInfoView.swift */; };
		A95DA75A2A4D3F890021CA47 /* AppTranslation.swift in Sources */ = {isa = PBXBuildFile; fileRef = A95DA7592A4D3F890021CA47 /* AppTranslation.swift */; };
		A9B0ED7C2A4D44830046B0FC /* AppTranslation.swift in Sources */ = {isa = PBXBuildFile; fileRef = A95DA7592A4D3F890021CA47 /* AppTranslation.swift */; };
		A9BA73B52A284F1D00182EED /* Alamofire in Frameworks */ = {isa = PBXBuildFile; productRef = A9BA73B42A284F1D00182EED /* Alamofire */; };
		A9BA73B72A28502F00182EED /* Alamofire in Frameworks */ = {isa = PBXBuildFile; productRef = A9BA73B62A28502F00182EED /* Alamofire */; };
		A9BA73B92A2B1A8900182EED /* LikedQuotesView.swift in Sources */ = {isa = PBXBuildFile; fileRef = A9BA73B82A2B1A8900182EED /* LikedQuotesView.swift */; };
		A9E3CC4F29F8F90700D01245 /* DudeWithAnAppApp.swift in Sources */ = {isa = PBXBuildFile; fileRef = A9E3CC4E29F8F90700D01245 /* DudeWithAnAppApp.swift */; };
		A9E3CC5129F8F90700D01245 /* ContentView.swift in Sources */ = {isa = PBXBuildFile; fileRef = A9E3CC5029F8F90700D01245 /* ContentView.swift */; };
		A9E3CC5329F8F90900D01245 /* Assets.xcassets in Resources */ = {isa = PBXBuildFile; fileRef = A9E3CC5229F8F90900D01245 /* Assets.xcassets */; };
		A9E3CC5629F8F90900D01245 /* Preview Assets.xcassets in Resources */ = {isa = PBXBuildFile; fileRef = A9E3CC5529F8F90900D01245 /* Preview Assets.xcassets */; };
		A9E3CC5D29F8F94500D01245 /* Quote.swift in Sources */ = {isa = PBXBuildFile; fileRef = A9E3CC5C29F8F94500D01245 /* Quote.swift */; };
		A9E3CC5F29F8F98100D01245 /* APIService.swift in Sources */ = {isa = PBXBuildFile; fileRef = A9E3CC5E29F8F98000D01245 /* APIService.swift */; };
		A9F6367F2A1DB57C00F0D0FD /* APIService.swift in Sources */ = {isa = PBXBuildFile; fileRef = A9E3CC5E29F8F98000D01245 /* APIService.swift */; };
		A9F636802A1DB58400F0D0FD /* Quote.swift in Sources */ = {isa = PBXBuildFile; fileRef = A9E3CC5C29F8F94500D01245 /* Quote.swift */; };
		A9F636812A1DC15500F0D0FD /* Assets.xcassets in Resources */ = {isa = PBXBuildFile; fileRef = A9E3CC5229F8F90900D01245 /* Assets.xcassets */; };
/* End PBXBuildFile section */

/* Begin PBXContainerItemProxy section */
		A95D7F7C2A1C6E4200DE221E /* PBXContainerItemProxy */ = {
			isa = PBXContainerItemProxy;
			containerPortal = A9E3CC4329F8F90700D01245 /* Project object */;
			proxyType = 1;
			remoteGlobalIDString = A95D7F6E2A1C6E4000DE221E;
			remoteInfo = LatestQuoteWidgetExtension;
		};
/* End PBXContainerItemProxy section */

/* Begin PBXCopyFilesBuildPhase section */
		A90F62112A1C6853009AE4DA /* Embed Foundation Extensions */ = {
			isa = PBXCopyFilesBuildPhase;
			buildActionMask = 2147483647;
			dstPath = "";
			dstSubfolderSpec = 13;
			files = (
				A95D7F7E2A1C6E4200DE221E /* LatestQuoteWidgetExtension.appex in Embed Foundation Extensions */,
			);
			name = "Embed Foundation Extensions";
			runOnlyForDeploymentPostprocessing = 0;
		};
/* End PBXCopyFilesBuildPhase section */

/* Begin PBXFileReference section */
		A90F61FD2A1C6850009AE4DA /* WidgetKit.framework */ = {isa = PBXFileReference; lastKnownFileType = wrapper.framework; name = WidgetKit.framework; path = System/Library/Frameworks/WidgetKit.framework; sourceTree = SDKROOT; };
		A90F61FF2A1C6850009AE4DA /* SwiftUI.framework */ = {isa = PBXFileReference; lastKnownFileType = wrapper.framework; name = SwiftUI.framework; path = System/Library/Frameworks/SwiftUI.framework; sourceTree = SDKROOT; };
		A95D7F6F2A1C6E4000DE221E /* LatestQuoteWidgetExtension.appex */ = {isa = PBXFileReference; explicitFileType = "wrapper.app-extension"; includeInIndex = 0; path = LatestQuoteWidgetExtension.appex; sourceTree = BUILT_PRODUCTS_DIR; };
		A95D7F732A1C6E4000DE221E /* LatestQuoteWidgetBundle.swift */ = {isa = PBXFileReference; lastKnownFileType = sourcecode.swift; path = LatestQuoteWidgetBundle.swift; sourceTree = "<group>"; };
		A95D7F752A1C6E4000DE221E /* LatestQuoteWidgetLiveActivity.swift */ = {isa = PBXFileReference; lastKnownFileType = sourcecode.swift; path = LatestQuoteWidgetLiveActivity.swift; sourceTree = "<group>"; };
		A95D7F772A1C6E4000DE221E /* LatestQuoteWidget.swift */ = {isa = PBXFileReference; lastKnownFileType = sourcecode.swift; path = LatestQuoteWidget.swift; sourceTree = "<group>"; };
		A95D7F792A1C6E4200DE221E /* Assets.xcassets */ = {isa = PBXFileReference; lastKnownFileType = folder.assetcatalog; path = Assets.xcassets; sourceTree = "<group>"; };
		A95D7F7B2A1C6E4200DE221E /* Info.plist */ = {isa = PBXFileReference; lastKnownFileType = text.plist.xml; path = Info.plist; sourceTree = "<group>"; };
		A95DA7552A496A050021CA47 /* AppIcon.appiconset */ = {isa = PBXFileReference; lastKnownFileType = folder; name = AppIcon.appiconset; path = DudeWithAnApp/AppIcon.appiconset; sourceTree = "<group>"; };
		A95DA7572A4C06C70021CA47 /* PremiumInfoView.swift */ = {isa = PBXFileReference; lastKnownFileType = sourcecode.swift; path = PremiumInfoView.swift; sourceTree = "<group>"; };
		A95DA7592A4D3F890021CA47 /* AppTranslation.swift */ = {isa = PBXFileReference; lastKnownFileType = sourcecode.swift; path = AppTranslation.swift; sourceTree = "<group>"; };
		A9BA73B82A2B1A8900182EED /* LikedQuotesView.swift */ = {isa = PBXFileReference; lastKnownFileType = sourcecode.swift; path = LikedQuotesView.swift; sourceTree = "<group>"; };
		A9E3CC4B29F8F90700D01245 /* Got Jesus?.app */ = {isa = PBXFileReference; explicitFileType = wrapper.application; includeInIndex = 0; path = "Got Jesus?.app"; sourceTree = BUILT_PRODUCTS_DIR; };
		A9E3CC4E29F8F90700D01245 /* DudeWithAnAppApp.swift */ = {isa = PBXFileReference; lastKnownFileType = sourcecode.swift; path = DudeWithAnAppApp.swift; sourceTree = "<group>"; };
		A9E3CC5029F8F90700D01245 /* ContentView.swift */ = {isa = PBXFileReference; lastKnownFileType = sourcecode.swift; path = ContentView.swift; sourceTree = "<group>"; };
		A9E3CC5229F8F90900D01245 /* Assets.xcassets */ = {isa = PBXFileReference; lastKnownFileType = folder.assetcatalog; path = Assets.xcassets; sourceTree = "<group>"; };
		A9E3CC5529F8F90900D01245 /* Preview Assets.xcassets */ = {isa = PBXFileReference; lastKnownFileType = folder.assetcatalog; path = "Preview Assets.xcassets"; sourceTree = "<group>"; };
		A9E3CC5C29F8F94500D01245 /* Quote.swift */ = {isa = PBXFileReference; lastKnownFileType = sourcecode.swift; path = Quote.swift; sourceTree = "<group>"; };
		A9E3CC5E29F8F98000D01245 /* APIService.swift */ = {isa = PBXFileReference; lastKnownFileType = sourcecode.swift; path = APIService.swift; sourceTree = "<group>"; };
/* End PBXFileReference section */

/* Begin PBXFrameworksBuildPhase section */
		A95D7F6C2A1C6E4000DE221E /* Frameworks */ = {
			isa = PBXFrameworksBuildPhase;
			buildActionMask = 2147483647;
			files = (
				A9BA73B72A28502F00182EED /* Alamofire in Frameworks */,
				A95D7F712A1C6E4000DE221E /* SwiftUI.framework in Frameworks */,
				A95D7F702A1C6E4000DE221E /* WidgetKit.framework in Frameworks */,
			);
			runOnlyForDeploymentPostprocessing = 0;
		};
		A9E3CC4829F8F90700D01245 /* Frameworks */ = {
			isa = PBXFrameworksBuildPhase;
			buildActionMask = 2147483647;
			files = (
				A9BA73B52A284F1D00182EED /* Alamofire in Frameworks */,
			);
			runOnlyForDeploymentPostprocessing = 0;
		};
/* End PBXFrameworksBuildPhase section */

/* Begin PBXGroup section */
		A90F61FC2A1C6850009AE4DA /* Frameworks */ = {
			isa = PBXGroup;
			children = (
				A90F61FD2A1C6850009AE4DA /* WidgetKit.framework */,
				A90F61FF2A1C6850009AE4DA /* SwiftUI.framework */,
			);
			name = Frameworks;
			sourceTree = "<group>";
		};
		A95D7F722A1C6E4000DE221E /* LatestQuoteWidget */ = {
			isa = PBXGroup;
			children = (
				A95D7F732A1C6E4000DE221E /* LatestQuoteWidgetBundle.swift */,
				A95D7F752A1C6E4000DE221E /* LatestQuoteWidgetLiveActivity.swift */,
				A95D7F772A1C6E4000DE221E /* LatestQuoteWidget.swift */,
				A95D7F792A1C6E4200DE221E /* Assets.xcassets */,
				A95D7F7B2A1C6E4200DE221E /* Info.plist */,
			);
			path = LatestQuoteWidget;
			sourceTree = "<group>";
		};
		A9E3CC4229F8F90700D01245 = {
			isa = PBXGroup;
			children = (
				A95DA7552A496A050021CA47 /* AppIcon.appiconset */,
				A9E3CC4D29F8F90700D01245 /* DudeWithAnApp */,
				A95D7F722A1C6E4000DE221E /* LatestQuoteWidget */,
				A90F61FC2A1C6850009AE4DA /* Frameworks */,
				A9E3CC4C29F8F90700D01245 /* Products */,
			);
			sourceTree = "<group>";
		};
		A9E3CC4C29F8F90700D01245 /* Products */ = {
			isa = PBXGroup;
			children = (
				A9E3CC4B29F8F90700D01245 /* Got Jesus?.app */,
				A95D7F6F2A1C6E4000DE221E /* LatestQuoteWidgetExtension.appex */,
			);
			name = Products;
			sourceTree = "<group>";
		};
		A9E3CC4D29F8F90700D01245 /* DudeWithAnApp */ = {
			isa = PBXGroup;
			children = (
				A9E3CC5E29F8F98000D01245 /* APIService.swift */,
				A9E3CC5C29F8F94500D01245 /* Quote.swift */,
				A9E3CC4E29F8F90700D01245 /* DudeWithAnAppApp.swift */,
				A9E3CC5029F8F90700D01245 /* ContentView.swift */,
				A9BA73B82A2B1A8900182EED /* LikedQuotesView.swift */,
				A95DA7572A4C06C70021CA47 /* PremiumInfoView.swift */,
				A95DA7592A4D3F890021CA47 /* AppTranslation.swift */,
				A9E3CC5229F8F90900D01245 /* Assets.xcassets */,
				A9E3CC5429F8F90900D01245 /* Preview Content */,
			);
			path = DudeWithAnApp;
			sourceTree = "<group>";
		};
		A9E3CC5429F8F90900D01245 /* Preview Content */ = {
			isa = PBXGroup;
			children = (
				A9E3CC5529F8F90900D01245 /* Preview Assets.xcassets */,
			);
			path = "Preview Content";
			sourceTree = "<group>";
		};
/* End PBXGroup section */

/* Begin PBXNativeTarget section */
		A95D7F6E2A1C6E4000DE221E /* LatestQuoteWidgetExtension */ = {
			isa = PBXNativeTarget;
			buildConfigurationList = A95D7F7F2A1C6E4200DE221E /* Build configuration list for PBXNativeTarget "LatestQuoteWidgetExtension" */;
			buildPhases = (
				A95D7F6B2A1C6E4000DE221E /* Sources */,
				A95D7F6C2A1C6E4000DE221E /* Frameworks */,
				A95D7F6D2A1C6E4000DE221E /* Resources */,
			);
			buildRules = (
			);
			dependencies = (
			);
			name = LatestQuoteWidgetExtension;
			packageProductDependencies = (
				A9BA73B62A28502F00182EED /* Alamofire */,
			);
			productName = LatestQuoteWidgetExtension;
			productReference = A95D7F6F2A1C6E4000DE221E /* LatestQuoteWidgetExtension.appex */;
			productType = "com.apple.product-type.app-extension";
		};
		A9E3CC4A29F8F90700D01245 /* Got Jesus? */ = {
			isa = PBXNativeTarget;
			buildConfigurationList = A9E3CC5929F8F90900D01245 /* Build configuration list for PBXNativeTarget "Got Jesus?" */;
			buildPhases = (
				A9E3CC4729F8F90700D01245 /* Sources */,
				A9E3CC4829F8F90700D01245 /* Frameworks */,
				A9E3CC4929F8F90700D01245 /* Resources */,
				A90F62112A1C6853009AE4DA /* Embed Foundation Extensions */,
			);
			buildRules = (
			);
			dependencies = (
				A95D7F7D2A1C6E4200DE221E /* PBXTargetDependency */,
			);
			name = "Got Jesus?";
			packageProductDependencies = (
				A9BA73B42A284F1D00182EED /* Alamofire */,
			);
			productName = DudeWithAnApp;
			productReference = A9E3CC4B29F8F90700D01245 /* Got Jesus?.app */;
			productType = "com.apple.product-type.application";
		};
/* End PBXNativeTarget section */

/* Begin PBXProject section */
		A9E3CC4329F8F90700D01245 /* Project object */ = {
			isa = PBXProject;
			attributes = {
				BuildIndependentTargetsInParallel = 1;
				LastSwiftUpdateCheck = 1430;
				LastUpgradeCheck = 1430;
				TargetAttributes = {
					A95D7F6E2A1C6E4000DE221E = {
						CreatedOnToolsVersion = 14.3;
					};
					A9E3CC4A29F8F90700D01245 = {
						CreatedOnToolsVersion = 14.3;
					};
				};
			};
			buildConfigurationList = A9E3CC4629F8F90700D01245 /* Build configuration list for PBXProject "DudeWithAnApp" */;
			compatibilityVersion = "Xcode 14.0";
			developmentRegion = en;
			hasScannedForEncodings = 0;
			knownRegions = (
				en,
				Base,
			);
			mainGroup = A9E3CC4229F8F90700D01245;
			packageReferences = (
				A9BA73B32A284F1D00182EED /* XCRemoteSwiftPackageReference "Alamofire" */,
			);
			productRefGroup = A9E3CC4C29F8F90700D01245 /* Products */;
			projectDirPath = "";
			projectRoot = "";
			targets = (
				A9E3CC4A29F8F90700D01245 /* Got Jesus? */,
				A95D7F6E2A1C6E4000DE221E /* LatestQuoteWidgetExtension */,
			);
		};
/* End PBXProject section */

/* Begin PBXResourcesBuildPhase section */
		A95D7F6D2A1C6E4000DE221E /* Resources */ = {
			isa = PBXResourcesBuildPhase;
			buildActionMask = 2147483647;
			files = (
				A9F636812A1DC15500F0D0FD /* Assets.xcassets in Resources */,
				A95D7F7A2A1C6E4200DE221E /* Assets.xcassets in Resources */,
			);
			runOnlyForDeploymentPostprocessing = 0;
		};
		A9E3CC4929F8F90700D01245 /* Resources */ = {
			isa = PBXResourcesBuildPhase;
			buildActionMask = 2147483647;
			files = (
				A9E3CC5629F8F90900D01245 /* Preview Assets.xcassets in Resources */,
				A95DA7562A496A050021CA47 /* AppIcon.appiconset in Resources */,
				A9E3CC5329F8F90900D01245 /* Assets.xcassets in Resources */,
			);
			runOnlyForDeploymentPostprocessing = 0;
		};
/* End PBXResourcesBuildPhase section */

/* Begin PBXSourcesBuildPhase section */
		A95D7F6B2A1C6E4000DE221E /* Sources */ = {
			isa = PBXSourcesBuildPhase;
			buildActionMask = 2147483647;
			files = (
				A9F6367F2A1DB57C00F0D0FD /* APIService.swift in Sources */,
				A95D7F782A1C6E4000DE221E /* LatestQuoteWidget.swift in Sources */,
				A95D7F762A1C6E4000DE221E /* LatestQuoteWidgetLiveActivity.swift in Sources */,
				A9B0ED7C2A4D44830046B0FC /* AppTranslation.swift in Sources */,
				A9F636802A1DB58400F0D0FD /* Quote.swift in Sources */,
				A95D7F742A1C6E4000DE221E /* LatestQuoteWidgetBundle.swift in Sources */,
			);
			runOnlyForDeploymentPostprocessing = 0;
		};
		A9E3CC4729F8F90700D01245 /* Sources */ = {
			isa = PBXSourcesBuildPhase;
			buildActionMask = 2147483647;
			files = (
				A9BA73B92A2B1A8900182EED /* LikedQuotesView.swift in Sources */,
				A9E3CC5129F8F90700D01245 /* ContentView.swift in Sources */,
				A9E3CC5D29F8F94500D01245 /* Quote.swift in Sources */,
				A9E3CC5F29F8F98100D01245 /* APIService.swift in Sources */,
				A95DA7582A4C06C70021CA47 /* PremiumInfoView.swift in Sources */,
				A9E3CC4F29F8F90700D01245 /* DudeWithAnAppApp.swift in Sources */,
				A95DA75A2A4D3F890021CA47 /* AppTranslation.swift in Sources */,
			);
			runOnlyForDeploymentPostprocessing = 0;
		};
/* End PBXSourcesBuildPhase section */

/* Begin PBXTargetDependency section */
		A95D7F7D2A1C6E4200DE221E /* PBXTargetDependency */ = {
			isa = PBXTargetDependency;
			target = A95D7F6E2A1C6E4000DE221E /* LatestQuoteWidgetExtension */;
			targetProxy = A95D7F7C2A1C6E4200DE221E /* PBXContainerItemProxy */;
		};
/* End PBXTargetDependency section */

/* Begin XCBuildConfiguration section */
		A95D7F802A1C6E4200DE221E /* Debug */ = {
			isa = XCBuildConfiguration;
			buildSettings = {
				ASSETCATALOG_COMPILER_GLOBAL_ACCENT_COLOR_NAME = AccentColor;
				ASSETCATALOG_COMPILER_WIDGET_BACKGROUND_COLOR_NAME = WidgetBackground;
				CODE_SIGN_STYLE = Automatic;
				CURRENT_PROJECT_VERSION = 1;
				DEVELOPMENT_TEAM = PTY932XMP6;
				GENERATE_INFOPLIST_FILE = YES;
				INFOPLIST_FILE = LatestQuoteWidget/Info.plist;
				INFOPLIST_KEY_CFBundleDisplayName = LatestQuoteWidget;
				INFOPLIST_KEY_NSHumanReadableCopyright = "";
				IPHONEOS_DEPLOYMENT_TARGET = 16.4;
				LD_RUNPATH_SEARCH_PATHS = (
					"$(inherited)",
					"@executable_path/Frameworks",
					"@executable_path/../../Frameworks",
				);
				MARKETING_VERSION = 1.0;
				PRODUCT_BUNDLE_IDENTIFIER = com.aleamador.gotjesus.widget;
				PRODUCT_NAME = "$(TARGET_NAME)";
				SKIP_INSTALL = YES;
				SWIFT_EMIT_LOC_STRINGS = YES;
				SWIFT_VERSION = 5.0;
				TARGETED_DEVICE_FAMILY = 1;
			};
			name = Debug;
		};
		A95D7F812A1C6E4200DE221E /* Release */ = {
			isa = XCBuildConfiguration;
			buildSettings = {
				ASSETCATALOG_COMPILER_GLOBAL_ACCENT_COLOR_NAME = AccentColor;
				ASSETCATALOG_COMPILER_WIDGET_BACKGROUND_COLOR_NAME = WidgetBackground;
				CODE_SIGN_STYLE = Automatic;
				CURRENT_PROJECT_VERSION = 1;
				DEVELOPMENT_TEAM = PTY932XMP6;
				GENERATE_INFOPLIST_FILE = YES;
				INFOPLIST_FILE = LatestQuoteWidget/Info.plist;
				INFOPLIST_KEY_CFBundleDisplayName = LatestQuoteWidget;
				INFOPLIST_KEY_NSHumanReadableCopyright = "";
				IPHONEOS_DEPLOYMENT_TARGET = 16.4;
				LD_RUNPATH_SEARCH_PATHS = (
					"$(inherited)",
					"@executable_path/Frameworks",
					"@executable_path/../../Frameworks",
				);
				MARKETING_VERSION = 1.0;
				PRODUCT_BUNDLE_IDENTIFIER = com.aleamador.gotjesus.widget;
				PRODUCT_NAME = "$(TARGET_NAME)";
				SKIP_INSTALL = YES;
				SWIFT_EMIT_LOC_STRINGS = YES;
				SWIFT_VERSION = 5.0;
				TARGETED_DEVICE_FAMILY = 1;
			};
			name = Release;
		};
		A9E3CC5729F8F90900D01245 /* Debug */ = {
			isa = XCBuildConfiguration;
			buildSettings = {
				ALWAYS_SEARCH_USER_PATHS = NO;
				CLANG_ANALYZER_NONNULL = YES;
				CLANG_ANALYZER_NUMBER_OBJECT_CONVERSION = YES_AGGRESSIVE;
				CLANG_CXX_LANGUAGE_STANDARD = "gnu++20";
				CLANG_ENABLE_MODULES = YES;
				CLANG_ENABLE_OBJC_ARC = YES;
				CLANG_ENABLE_OBJC_WEAK = YES;
				CLANG_WARN_BLOCK_CAPTURE_AUTORELEASING = YES;
				CLANG_WARN_BOOL_CONVERSION = YES;
				CLANG_WARN_COMMA = YES;
				CLANG_WARN_CONSTANT_CONVERSION = YES;
				CLANG_WARN_DEPRECATED_OBJC_IMPLEMENTATIONS = YES;
				CLANG_WARN_DIRECT_OBJC_ISA_USAGE = YES_ERROR;
				CLANG_WARN_DOCUMENTATION_COMMENTS = YES;
				CLANG_WARN_EMPTY_BODY = YES;
				CLANG_WARN_ENUM_CONVERSION = YES;
				CLANG_WARN_INFINITE_RECURSION = YES;
				CLANG_WARN_INT_CONVERSION = YES;
				CLANG_WARN_NON_LITERAL_NULL_CONVERSION = YES;
				CLANG_WARN_OBJC_IMPLICIT_RETAIN_SELF = YES;
				CLANG_WARN_OBJC_LITERAL_CONVERSION = YES;
				CLANG_WARN_OBJC_ROOT_CLASS = YES_ERROR;
				CLANG_WARN_QUOTED_INCLUDE_IN_FRAMEWORK_HEADER = YES;
				CLANG_WARN_RANGE_LOOP_ANALYSIS = YES;
				CLANG_WARN_STRICT_PROTOTYPES = YES;
				CLANG_WARN_SUSPICIOUS_MOVE = YES;
				CLANG_WARN_UNGUARDED_AVAILABILITY = YES_AGGRESSIVE;
				CLANG_WARN_UNREACHABLE_CODE = YES;
				CLANG_WARN__DUPLICATE_METHOD_MATCH = YES;
				COPY_PHASE_STRIP = NO;
				DEBUG_INFORMATION_FORMAT = dwarf;
				ENABLE_STRICT_OBJC_MSGSEND = YES;
				ENABLE_TESTABILITY = YES;
				GCC_C_LANGUAGE_STANDARD = gnu11;
				GCC_DYNAMIC_NO_PIC = NO;
				GCC_NO_COMMON_BLOCKS = YES;
				GCC_OPTIMIZATION_LEVEL = 0;
				GCC_PREPROCESSOR_DEFINITIONS = (
					"DEBUG=1",
					"$(inherited)",
				);
				GCC_WARN_64_TO_32_BIT_CONVERSION = YES;
				GCC_WARN_ABOUT_RETURN_TYPE = YES_ERROR;
				GCC_WARN_UNDECLARED_SELECTOR = YES;
				GCC_WARN_UNINITIALIZED_AUTOS = YES_AGGRESSIVE;
				GCC_WARN_UNUSED_FUNCTION = YES;
				GCC_WARN_UNUSED_VARIABLE = YES;
				IPHONEOS_DEPLOYMENT_TARGET = 16.4;
				MTL_ENABLE_DEBUG_INFO = INCLUDE_SOURCE;
				MTL_FAST_MATH = YES;
				ONLY_ACTIVE_ARCH = YES;
				PRODUCT_NAME = "\"Got Jesus?\"";
				SDKROOT = iphoneos;
				SWIFT_ACTIVE_COMPILATION_CONDITIONS = DEBUG;
				SWIFT_OPTIMIZATION_LEVEL = "-Onone";
			};
			name = Debug;
		};
		A9E3CC5829F8F90900D01245 /* Release */ = {
			isa = XCBuildConfiguration;
			buildSettings = {
				ALWAYS_SEARCH_USER_PATHS = NO;
				CLANG_ANALYZER_NONNULL = YES;
				CLANG_ANALYZER_NUMBER_OBJECT_CONVERSION = YES_AGGRESSIVE;
				CLANG_CXX_LANGUAGE_STANDARD = "gnu++20";
				CLANG_ENABLE_MODULES = YES;
				CLANG_ENABLE_OBJC_ARC = YES;
				CLANG_ENABLE_OBJC_WEAK = YES;
				CLANG_WARN_BLOCK_CAPTURE_AUTORELEASING = YES;
				CLANG_WARN_BOOL_CONVERSION = YES;
				CLANG_WARN_COMMA = YES;
				CLANG_WARN_CONSTANT_CONVERSION = YES;
				CLANG_WARN_DEPRECATED_OBJC_IMPLEMENTATIONS = YES;
				CLANG_WARN_DIRECT_OBJC_ISA_USAGE = YES_ERROR;
				CLANG_WARN_DOCUMENTATION_COMMENTS = YES;
				CLANG_WARN_EMPTY_BODY = YES;
				CLANG_WARN_ENUM_CONVERSION = YES;
				CLANG_WARN_INFINITE_RECURSION = YES;
				CLANG_WARN_INT_CONVERSION = YES;
				CLANG_WARN_NON_LITERAL_NULL_CONVERSION = YES;
				CLANG_WARN_OBJC_IMPLICIT_RETAIN_SELF = YES;
				CLANG_WARN_OBJC_LITERAL_CONVERSION = YES;
				CLANG_WARN_OBJC_ROOT_CLASS = YES_ERROR;
				CLANG_WARN_QUOTED_INCLUDE_IN_FRAMEWORK_HEADER = YES;
				CLANG_WARN_RANGE_LOOP_ANALYSIS = YES;
				CLANG_WARN_STRICT_PROTOTYPES = YES;
				CLANG_WARN_SUSPICIOUS_MOVE = YES;
				CLANG_WARN_UNGUARDED_AVAILABILITY = YES_AGGRESSIVE;
				CLANG_WARN_UNREACHABLE_CODE = YES;
				CLANG_WARN__DUPLICATE_METHOD_MATCH = YES;
				COPY_PHASE_STRIP = NO;
				DEBUG_INFORMATION_FORMAT = "dwarf-with-dsym";
				ENABLE_NS_ASSERTIONS = NO;
				ENABLE_STRICT_OBJC_MSGSEND = YES;
				GCC_C_LANGUAGE_STANDARD = gnu11;
				GCC_NO_COMMON_BLOCKS = YES;
				GCC_WARN_64_TO_32_BIT_CONVERSION = YES;
				GCC_WARN_ABOUT_RETURN_TYPE = YES_ERROR;
				GCC_WARN_UNDECLARED_SELECTOR = YES;
				GCC_WARN_UNINITIALIZED_AUTOS = YES_AGGRESSIVE;
				GCC_WARN_UNUSED_FUNCTION = YES;
				GCC_WARN_UNUSED_VARIABLE = YES;
				IPHONEOS_DEPLOYMENT_TARGET = 16.4;
				MTL_ENABLE_DEBUG_INFO = NO;
				MTL_FAST_MATH = YES;
				PRODUCT_NAME = "\"Got Jesus?\"";
				SDKROOT = iphoneos;
				SWIFT_COMPILATION_MODE = wholemodule;
				SWIFT_OPTIMIZATION_LEVEL = "-O";
				VALIDATE_PRODUCT = YES;
			};
			name = Release;
		};
		A9E3CC5A29F8F90900D01245 /* Debug */ = {
			isa = XCBuildConfiguration;
			buildSettings = {
				ALWAYS_EMBED_SWIFT_STANDARD_LIBRARIES = YES;
				ASSETCATALOG_COMPILER_APPICON_NAME = AppIcon;
				ASSETCATALOG_COMPILER_GLOBAL_ACCENT_COLOR_NAME = AccentColor;
				ASSETCATALOG_COMPILER_INCLUDE_ALL_APPICON_ASSETS = YES;
				CODE_SIGN_STYLE = Automatic;
				CURRENT_PROJECT_VERSION = 1;
				DEVELOPMENT_ASSET_PATHS = "\"DudeWithAnApp/Preview Content\"";
				DEVELOPMENT_TEAM = PTY932XMP6;
				ENABLE_PREVIEWS = YES;
				GENERATE_INFOPLIST_FILE = YES;
				INFOPLIST_FILE = Info.plist;
				INFOPLIST_KEY_CFBundleDisplayName = "Got Jesus?";
				INFOPLIST_KEY_LSApplicationCategoryType = "public.app-category.books";
				INFOPLIST_KEY_UIApplicationSceneManifest_Generation = YES;
				INFOPLIST_KEY_UIApplicationSupportsIndirectInputEvents = YES;
				INFOPLIST_KEY_UILaunchScreen_Generation = YES;
				INFOPLIST_KEY_UIRequiresFullScreen = NO;
				INFOPLIST_KEY_UISupportedInterfaceOrientations = UIInterfaceOrientationPortrait;
				INFOPLIST_KEY_UISupportedInterfaceOrientations_iPad = "UIInterfaceOrientationLandscapeRight UIInterfaceOrientationPortrait";
				IPHONEOS_DEPLOYMENT_TARGET = 16.4;
				LD_RUNPATH_SEARCH_PATHS = (
					"$(inherited)",
					"@executable_path/Frameworks",
				);
				MARKETING_VERSION = 0.3;
				PRODUCT_BUNDLE_IDENTIFIER = com.aleamador.gotjesus;
				PRODUCT_NAME = "$(TARGET_NAME)";
				SUPPORTED_PLATFORMS = "iphoneos iphonesimulator";
				SUPPORTS_MACCATALYST = NO;
				SUPPORTS_MAC_DESIGNED_FOR_IPHONE_IPAD = NO;
				SWIFT_EMIT_LOC_STRINGS = YES;
				SWIFT_VERSION = 5.0;
				TARGETED_DEVICE_FAMILY = 1;
			};
			name = Debug;
		};
		A9E3CC5B29F8F90900D01245 /* Release */ = {
			isa = XCBuildConfiguration;
			buildSettings = {
				ALWAYS_EMBED_SWIFT_STANDARD_LIBRARIES = YES;
				ASSETCATALOG_COMPILER_APPICON_NAME = AppIcon;
				ASSETCATALOG_COMPILER_GLOBAL_ACCENT_COLOR_NAME = AccentColor;
				ASSETCATALOG_COMPILER_INCLUDE_ALL_APPICON_ASSETS = YES;
				CODE_SIGN_STYLE = Automatic;
				CURRENT_PROJECT_VERSION = 1;
				DEVELOPMENT_ASSET_PATHS = "\"DudeWithAnApp/Preview Content\"";
				DEVELOPMENT_TEAM = PTY932XMP6;
				ENABLE_PREVIEWS = YES;
				GENERATE_INFOPLIST_FILE = YES;
				INFOPLIST_FILE = "";
				INFOPLIST_KEY_CFBundleDisplayName = "Got Jesus?";
				INFOPLIST_KEY_LSApplicationCategoryType = "public.app-category.books";
				INFOPLIST_KEY_UIApplicationSceneManifest_Generation = YES;
				INFOPLIST_KEY_UIApplicationSupportsIndirectInputEvents = YES;
				INFOPLIST_KEY_UILaunchScreen_Generation = YES;
				INFOPLIST_KEY_UIRequiresFullScreen = NO;
				INFOPLIST_KEY_UISupportedInterfaceOrientations = UIInterfaceOrientationPortrait;
				INFOPLIST_KEY_UISupportedInterfaceOrientations_iPad = "UIInterfaceOrientationLandscapeRight UIInterfaceOrientationPortrait";
				IPHONEOS_DEPLOYMENT_TARGET = 16.4;
				LD_RUNPATH_SEARCH_PATHS = (
					"$(inherited)",
					"@executable_path/Frameworks",
				);
				MARKETING_VERSION = 0.3;
				PRODUCT_BUNDLE_IDENTIFIER = com.aleamador.gotjesus;
				PRODUCT_NAME = "$(TARGET_NAME)";
				SUPPORTED_PLATFORMS = "iphoneos iphonesimulator";
				SUPPORTS_MACCATALYST = NO;
				SUPPORTS_MAC_DESIGNED_FOR_IPHONE_IPAD = NO;
				SWIFT_EMIT_LOC_STRINGS = YES;
				SWIFT_VERSION = 5.0;
				TARGETED_DEVICE_FAMILY = 1;
			};
			name = Release;
		};
/* End XCBuildConfiguration section */

/* Begin XCConfigurationList section */
		A95D7F7F2A1C6E4200DE221E /* Build configuration list for PBXNativeTarget "LatestQuoteWidgetExtension" */ = {
			isa = XCConfigurationList;
			buildConfigurations = (
				A95D7F802A1C6E4200DE221E /* Debug */,
				A95D7F812A1C6E4200DE221E /* Release */,
			);
			defaultConfigurationIsVisible = 0;
			defaultConfigurationName = Release;
		};
		A9E3CC4629F8F90700D01245 /* Build configuration list for PBXProject "DudeWithAnApp" */ = {
			isa = XCConfigurationList;
			buildConfigurations = (
				A9E3CC5729F8F90900D01245 /* Debug */,
				A9E3CC5829F8F90900D01245 /* Release */,
			);
			defaultConfigurationIsVisible = 0;
			defaultConfigurationName = Release;
		};
		A9E3CC5929F8F90900D01245 /* Build configuration list for PBXNativeTarget "Got Jesus?" */ = {
			isa = XCConfigurationList;
			buildConfigurations = (
				A9E3CC5A29F8F90900D01245 /* Debug */,
				A9E3CC5B29F8F90900D01245 /* Release */,
			);
			defaultConfigurationIsVisible = 0;
			defaultConfigurationName = Release;
		};
/* End XCConfigurationList section */

/* Begin XCRemoteSwiftPackageReference section */
		A9BA73B32A284F1D00182EED /* XCRemoteSwiftPackageReference "Alamofire" */ = {
			isa = XCRemoteSwiftPackageReference;
			repositoryURL = "https://github.com/Alamofire/Alamofire";
			requirement = {
				kind = upToNextMajorVersion;
				minimumVersion = 5.0.0;
			};
		};
/* End XCRemoteSwiftPackageReference section */

/* Begin XCSwiftPackageProductDependency section */
		A9BA73B42A284F1D00182EED /* Alamofire */ = {
			isa = XCSwiftPackageProductDependency;
			package = A9BA73B32A284F1D00182EED /* XCRemoteSwiftPackageReference "Alamofire" */;
			productName = Alamofire;
		};
		A9BA73B62A28502F00182EED /* Alamofire */ = {
			isa = XCSwiftPackageProductDependency;
			package = A9BA73B32A284F1D00182EED /* XCRemoteSwiftPackageReference "Alamofire" */;
			productName = Alamofire;
		};
/* End XCSwiftPackageProductDependency section */
	};
	rootObject = A9E3CC4329F8F90700D01245 /* Project object */;
}
